// !$*UTF8*$!
{
	archiveVersion = 1;
	classes = {
	};
	objectVersion = 46;
	objects = {

/* Begin PBXBuildFile section */
		0683FA331B283558002C694B /* MUKArrayDeltaTests.m in Sources */ = {isa = PBXBuildFile; fileRef = 0683FA321B283558002C694B /* MUKArrayDeltaTests.m */; };
		AF5140EA327547B1CD8D0E07 /* libPods.a in Frameworks */ = {isa = PBXBuildFile; fileRef = 2EB149AB9B85FE8E9A132F4C /* libPods.a */; };
/* End PBXBuildFile section */

/* Begin PBXFileReference section */
		0683FA2D1B283558002C694B /* MUKArrayDeltaTests.xctest */ = {isa = PBXFileReference; explicitFileType = wrapper.cfbundle; includeInIndex = 0; path = MUKArrayDeltaTests.xctest; sourceTree = BUILT_PRODUCTS_DIR; };
		0683FA311B283558002C694B /* Info.plist */ = {isa = PBXFileReference; lastKnownFileType = text.plist.xml; path = Info.plist; sourceTree = "<group>"; };
		0683FA321B283558002C694B /* MUKArrayDeltaTests.m */ = {isa = PBXFileReference; lastKnownFileType = sourcecode.c.objc; path = MUKArrayDeltaTests.m; sourceTree = "<group>"; };
		2EB149AB9B85FE8E9A132F4C /* libPods.a */ = {isa = PBXFileReference; explicitFileType = archive.ar; includeInIndex = 0; path = libPods.a; sourceTree = BUILT_PRODUCTS_DIR; };
		A04F3471F2EAD6091294F65A /* Pods.release.xcconfig */ = {isa = PBXFileReference; includeInIndex = 1; lastKnownFileType = text.xcconfig; name = Pods.release.xcconfig; path = "Pods/Target Support Files/Pods/Pods.release.xcconfig"; sourceTree = "<group>"; };
		BF0E7AE584382841C5D03980 /* Pods.debug.xcconfig */ = {isa = PBXFileReference; includeInIndex = 1; lastKnownFileType = text.xcconfig; name = Pods.debug.xcconfig; path = "Pods/Target Support Files/Pods/Pods.debug.xcconfig"; sourceTree = "<group>"; };
/* End PBXFileReference section */

/* Begin PBXFrameworksBuildPhase section */
		0683FA2A1B283558002C694B /* Frameworks */ = {
			isa = PBXFrameworksBuildPhase;
			buildActionMask = 2147483647;
			files = (
				AF5140EA327547B1CD8D0E07 /* libPods.a in Frameworks */,
			);
			runOnlyForDeploymentPostprocessing = 0;
		};
/* End PBXFrameworksBuildPhase section */

/* Begin PBXGroup section */
		0683FA221B283532002C694B = {
			isa = PBXGroup;
			children = (
				0683FA2F1B283558002C694B /* MUKArrayDeltaTests */,
				0683FA2E1B283558002C694B /* Products */,
				C0CBC21793C60876765C88D0 /* Pods */,
				BE48D217DAD6FCD82F782C51 /* Frameworks */,
			);
			sourceTree = "<group>";
		};
		0683FA2E1B283558002C694B /* Products */ = {
			isa = PBXGroup;
			children = (
				0683FA2D1B283558002C694B /* MUKArrayDeltaTests.xctest */,
			);
			name = Products;
			sourceTree = "<group>";
		};
		0683FA2F1B283558002C694B /* MUKArrayDeltaTests */ = {
			isa = PBXGroup;
			children = (
				0683FA321B283558002C694B /* MUKArrayDeltaTests.m */,
				0683FA301B283558002C694B /* Supporting Files */,
			);
			path = MUKArrayDeltaTests;
			sourceTree = "<group>";
		};
		0683FA301B283558002C694B /* Supporting Files */ = {
			isa = PBXGroup;
			children = (
				0683FA311B283558002C694B /* Info.plist */,
			);
			name = "Supporting Files";
			sourceTree = "<group>";
		};
		BE48D217DAD6FCD82F782C51 /* Frameworks */ = {
			isa = PBXGroup;
			children = (
				2EB149AB9B85FE8E9A132F4C /* libPods.a */,
			);
			name = Frameworks;
			sourceTree = "<group>";
		};
		C0CBC21793C60876765C88D0 /* Pods */ = {
			isa = PBXGroup;
			children = (
				BF0E7AE584382841C5D03980 /* Pods.debug.xcconfig */,
				A04F3471F2EAD6091294F65A /* Pods.release.xcconfig */,
			);
			name = Pods;
			sourceTree = "<group>";
		};
/* End PBXGroup section */

/* Begin PBXNativeTarget section */
		0683FA2C1B283558002C694B /* MUKArrayDeltaTests */ = {
			isa = PBXNativeTarget;
			buildConfigurationList = 0683FA341B283558002C694B /* Build configuration list for PBXNativeTarget "MUKArrayDeltaTests" */;
			buildPhases = (
				998FF9EACFA18DD124E25361 /* Check Pods Manifest.lock */,
				0683FA291B283558002C694B /* Sources */,
				0683FA2A1B283558002C694B /* Frameworks */,
				0683FA2B1B283558002C694B /* Resources */,
				843694948E03780A6BFDC97E /* Copy Pods Resources */,
			);
			buildRules = (
			);
			dependencies = (
			);
			name = MUKArrayDeltaTests;
			productName = MUKArrayDeltaTests;
			productReference = 0683FA2D1B283558002C694B /* MUKArrayDeltaTests.xctest */;
			productType = "com.apple.product-type.bundle.unit-test";
		};
/* End PBXNativeTarget section */

/* Begin PBXProject section */
		0683FA231B283532002C694B /* Project object */ = {
			isa = PBXProject;
			attributes = {
				LastUpgradeCheck = 0620;
				TargetAttributes = {
					0683FA2C1B283558002C694B = {
						CreatedOnToolsVersion = 6.2;
					};
				};
			};
			buildConfigurationList = 0683FA261B283532002C694B /* Build configuration list for PBXProject "Tests" */;
			compatibilityVersion = "Xcode 3.2";
			developmentRegion = English;
			hasScannedForEncodings = 0;
			knownRegions = (
				en,
			);
			mainGroup = 0683FA221B283532002C694B;
			productRefGroup = 0683FA2E1B283558002C694B /* Products */;
			projectDirPath = "";
			projectRoot = "";
			targets = (
				0683FA2C1B283558002C694B /* MUKArrayDeltaTests */,
			);
		};
/* End PBXProject section */

/* Begin PBXResourcesBuildPhase section */
		0683FA2B1B283558002C694B /* Resources */ = {
			isa = PBXResourcesBuildPhase;
			buildActionMask = 2147483647;
			files = (
			);
			runOnlyForDeploymentPostprocessing = 0;
		};
/* End PBXResourcesBuildPhase section */

/* Begin PBXShellScriptBuildPhase section */
		843694948E03780A6BFDC97E /* Copy Pods Resources */ = {
			isa = PBXShellScriptBuildPhase;
			buildActionMask = 2147483647;
			files = (
			);
			inputPaths = (
			);
			name = "Copy Pods Resources";
			outputPaths = (
			);
			runOnlyForDeploymentPostprocessing = 0;
			shellPath = /bin/sh;
			shellScript = "\"${SRCROOT}/Pods/Target Support Files/Pods/Pods-resources.sh\"\n";
			showEnvVarsInLog = 0;
		};
		998FF9EACFA18DD124E25361 /* Check Pods Manifest.lock */ = {
			isa = PBXShellScriptBuildPhase;
			buildActionMask = 2147483647;
			files = (
			);
			inputPaths = (
			);
			name = "Check Pods Manifest.lock";
			outputPaths = (
			);
			runOnlyForDeploymentPostprocessing = 0;
			shellPath = /bin/sh;
			shellScript = "diff \"${PODS_ROOT}/../Podfile.lock\" \"${PODS_ROOT}/Manifest.lock\" > /dev/null\nif [[ $? != 0 ]] ; then\n    cat << EOM\nerror: The sandbox is not in sync with the Podfile.lock. Run 'pod install' or update your CocoaPods installation.\nEOM\n    exit 1\nfi\n";
			showEnvVarsInLog = 0;
		};
/* End PBXShellScriptBuildPhase section */

/* Begin PBXSourcesBuildPhase section */
		0683FA291B283558002C694B /* Sources */ = {
			isa = PBXSourcesBuildPhase;
			buildActionMask = 2147483647;
			files = (
				0683FA331B283558002C694B /* MUKArrayDeltaTests.m in Sources */,
			);
			runOnlyForDeploymentPostprocessing = 0;
		};
/* End PBXSourcesBuildPhase section */

/* Begin XCBuildConfiguration section */
		0683FA271B283532002C694B /* Debug */ = {
			isa = XCBuildConfiguration;
			buildSettings = {
			};
			name = Debug;
		};
		0683FA281B283532002C694B /* Release */ = {
			isa = XCBuildConfiguration;
			buildSettings = {
			};
			name = Release;
		};
		0683FA351B283558002C694B /* Debug */ = {
			isa = XCBuildConfiguration;
			baseConfigurationReference = BF0E7AE584382841C5D03980 /* Pods.debug.xcconfig */;
			buildSettings = {
				ALWAYS_SEARCH_USER_PATHS = NO;
				CLANG_CXX_LANGUAGE_STANDARD = "gnu++0x";
				CLANG_CXX_LIBRARY = "libc++";
				CLANG_ENABLE_MODULES = YES;
				CLANG_ENABLE_OBJC_ARC = YES;
				CLANG_WARN_BOOL_CONVERSION = YES;
				CLANG_WARN_CONSTANT_CONVERSION = YES;
				CLANG_WARN_DIRECT_OBJC_ISA_USAGE = YES_ERROR;
				CLANG_WARN_EMPTY_BODY = YES;
				CLANG_WARN_ENUM_CONVERSION = YES;
				CLANG_WARN_INT_CONVERSION = YES;
				CLANG_WARN_OBJC_ROOT_CLASS = YES_ERROR;
				CLANG_WARN_UNREACHABLE_CODE = YES;
				CLANG_WARN__DUPLICATE_METHOD_MATCH = YES;
				COPY_PHASE_STRIP = NO;
				ENABLE_STRICT_OBJC_MSGSEND = YES;
				FRAMEWORK_SEARCH_PATHS = (
					"$(SDKROOT)/Developer/Library/Frameworks",
					"$(inherited)",
				);
				GCC_C_LANGUAGE_STANDARD = gnu99;
				GCC_DYNAMIC_NO_PIC = NO;
				GCC_OPTIMIZATION_LEVEL = 0;
				GCC_PREPROCESSOR_DEFINITIONS = (
					"DEBUG=1",
					"$(inherited)",
				);
				GCC_SYMBOLS_PRIVATE_EXTERN = NO;
				GCC_WARN_64_TO_32_BIT_CONVERSION = YES;
				GCC_WARN_ABOUT_RETURN_TYPE = YES_ERROR;
				GCC_WARN_UNDECLARED_SELECTOR = YES;
				GCC_WARN_UNINITIALIZED_AUTOS = YES_AGGRESSIVE;
				GCC_WARN_UNUSED_FUNCTION = YES;
				GCC_WARN_UNUSED_VARIABLE = YES;
				INFOPLIST_FILE = MUKArrayDeltaTests/Info.plist;
				IPHONEOS_DEPLOYMENT_TARGET = 8.2;
				LD_RUNPATH_SEARCH_PATHS = "$(inherited) @executable_path/Frameworks @loader_path/Frameworks";
				MTL_ENABLE_DEBUG_INFO = YES;
				ONLY_ACTIVE_ARCH = YES;
				PRODUCT_NAME = "$(TARGET_NAME)";
				SDKROOT = iphoneos;
			};
			name = Debug;
		};
		0683FA361B283558002C694B /* Release */ = {
			isa = XCBuildConfiguration;
			baseConfigurationReference = A04F3471F2EAD6091294F65A /* Pods.release.xcconfig */;
			buildSettings = {
				ALWAYS_SEARCH_USER_PATHS = NO;
				CLANG_CXX_LANGUAGE_STANDARD = "gnu++0x";
				CLANG_CXX_LIBRARY = "libc++";
				CLANG_ENABLE_MODULES = YES;
				CLANG_ENABLE_OBJC_ARC = YES;
				CLANG_WARN_BOOL_CONVERSION = YES;
				CLANG_WARN_CONSTANT_CONVERSION = YES;
				CLANG_WARN_DIRECT_OBJC_ISA_USAGE = YES_ERROR;
				CLANG_WARN_EMPTY_BODY = YES;
				CLANG_WARN_ENUM_CONVERSION = YES;
				CLANG_WARN_INT_CONVERSION = YES;
				CLANG_WARN_OBJC_ROOT_CLASS = YES_ERROR;
				CLANG_WARN_UNREACHABLE_CODE = YES;
				CLANG_WARN__DUPLICATE_METHOD_MATCH = YES;
				COPY_PHASE_STRIP = NO;
				ENABLE_NS_ASSERTIONS = NO;
				ENABLE_STRICT_OBJC_MSGSEND = YES;
				FRAMEWORK_SEARCH_PATHS = (
					"$(SDKROOT)/Developer/Library/Frameworks",
					"$(inherited)",
				);
				GCC_C_LANGUAGE_STANDARD = gnu99;
				GCC_WARN_64_TO_32_BIT_CONVERSION = YES;
				GCC_WARN_ABOUT_RETURN_TYPE = YES_ERROR;
				GCC_WARN_UNDECLARED_SELECTOR = YES;
				GCC_WARN_UNINITIALIZED_AUTOS = YES_AGGRESSIVE;
				GCC_WARN_UNUSED_FUNCTION = YES;
				GCC_WARN_UNUSED_VARIABLE = YES;
				INFOPLIST_FILE = MUKArrayDeltaTests/Info.plist;
				IPHONEOS_DEPLOYMENT_TARGET = 8.2;
				LD_RUNPATH_SEARCH_PATHS = "$(inherited) @executable_path/Frameworks @loader_path/Frameworks";
				MTL_ENABLE_DEBUG_INFO = NO;
				PRODUCT_NAME = "$(TARGET_NAME)";
				SDKROOT = iphoneos;
				VALIDATE_PRODUCT = YES;
			};
			name = Release;
		};
/* End XCBuildConfiguration section */

/* Begin XCConfigurationList section */
		0683FA261B283532002C694B /* Build configuration list for PBXProject "Tests" */ = {
			isa = XCConfigurationList;
			buildConfigurations = (
				0683FA271B283532002C694B /* Debug */,
				0683FA281B283532002C694B /* Release */,
			);
			defaultConfigurationIsVisible = 0;
			defaultConfigurationName = Release;
		};
		0683FA341B283558002C694B /* Build configuration list for PBXNativeTarget "MUKArrayDeltaTests" */ = {
			isa = XCConfigurationList;
			buildConfigurations = (
				0683FA351B283558002C694B /* Debug */,
				0683FA361B283558002C694B /* Release */,
			);
			defaultConfigurationIsVisible = 0;
			defaultConfigurationName = Release;
		};
/* End XCConfigurationList section */
	};
	rootObject = 0683FA231B283532002C694B /* Project object */;
}
